
Microsoft Visual Studio Solution File, Format Version 12.00
# Visual Studio Version 16
VisualStudioVersion = 16.0.29025.244
MinimumVisualStudioVersion = 10.0.40219.1
Project("{FAE04EC0-301F-11D3-BF4B-00C04F79EFBC}") = "Pacman", "Pacman\Pacman.csproj", "{EB82E4AA-E6CE-43BE-938E-3DF192F370C9}"
EndProject
Global
	GlobalSection(SolutionConfigurationPlatforms) = preSolution
		Debug|Any CPU = Debug|Any CPU
		Release|Any CPU = Release|Any CPU
	EndGlobalSection
	GlobalSection(ProjectConfigurationPlatforms) = postSolution
		{EB82E4AA-E6CE-43BE-938E-3DF192F370C9}.Debug|Any CPU.ActiveCfg = Debug|Any CPU
		{EB82E4AA-E6CE-43BE-938E-3DF192F370C9}.Debug|Any CPU.Build.0 = Debug|Any CPU
		{EB82E4AA-E6CE-43BE-938E-3DF192F370C9}.Release|Any CPU.ActiveCfg = Release|Any CPU
		{EB82E4AA-E6CE-43BE-938E-3DF192F370C9}.Release|Any CPU.Build.0 = Release|Any CPU
	EndGlobalSection
	GlobalSection(SolutionProperties) = preSolution
		HideSolutionNode = FALSE
	EndGlobalSection
	GlobalSection(ExtensibilityGlobals) = postSolution
		SolutionGuid = {3EE26E0B-F511-44A9-A1E2-BB4B302E93A3}
	EndGlobalSection
EndGlobal
